
Microsoft Visual Studio Solution File, Format Version 12.00
# Visual Studio Version 16
VisualStudioVersion = 16.0.30204.135
MinimumVisualStudioVersion = 10.0.40219.1
Project("{FAE04EC0-301F-11D3-BF4B-00C04F79EFBC}") = "DiscourteousBot", "DiscourteousBot\DiscourteousBot.csproj", "{A534A5FD-D57E-427F-8387-20704F5BCB43}"
EndProject
Global
	GlobalSection(SolutionConfigurationPlatforms) = preSolution
		Debug|Any CPU = Debug|Any CPU
		Release|Any CPU = Release|Any CPU
	EndGlobalSection
	GlobalSection(ProjectConfigurationPlatforms) = postSolution
		{A534A5FD-D57E-427F-8387-20704F5BCB43}.Debug|Any CPU.ActiveCfg = Debug|Any CPU
		{A534A5FD-D57E-427F-8387-20704F5BCB43}.Debug|Any CPU.Build.0 = Debug|Any CPU
		{A534A5FD-D57E-427F-8387-20704F5BCB43}.Release|Any CPU.ActiveCfg = Release|Any CPU
		{A534A5FD-D57E-427F-8387-20704F5BCB43}.Release|Any CPU.Build.0 = Release|Any CPU
	EndGlobalSection
	GlobalSection(SolutionProperties) = preSolution
		HideSolutionNode = FALSE
	EndGlobalSection
	GlobalSection(ExtensibilityGlobals) = postSolution
		SolutionGuid = {FEEFC489-C641-40BF-9DAD-08FE23A23432}
	EndGlobalSection
EndGlobal
